
Microsoft Visual Studio Solution File, Format Version 12.00
# Visual Studio Version 17
VisualStudioVersion = 17.7.34202.233
MinimumVisualStudioVersion = 10.0.40219.1
Project("{9A19103F-16F7-4668-BE54-9A1E7A4F7556}") = "RentHiveV2", "RentHiveV2.csproj", "{930B81CB-B964-40A1-94FF-19BE6BCD39E7}"
EndProject
Project("{2150E333-8FDC-42A3-9474-1A3956D46DE8}") = "UnitTest", "UnitTest", "{925E1569-8B6E-427C-835B-912064BA78DD}"
EndProject
Project("{9A19103F-16F7-4668-BE54-9A1E7A4F7556}") = "xUnitTestRentHive", "..\..\..\OneDrive\Dokumenter\ITPE3200\xUnitTestRentHive\xUnitTestRentHive.csproj", "{47CB365B-5491-416C-BE85-A1051FE94B32}"
EndProject
Global
	GlobalSection(SolutionConfigurationPlatforms) = preSolution
		Debug|Any CPU = Debug|Any CPU
		Release|Any CPU = Release|Any CPU
	EndGlobalSection
	GlobalSection(ProjectConfigurationPlatforms) = postSolution
		{930B81CB-B964-40A1-94FF-19BE6BCD39E7}.Debug|Any CPU.ActiveCfg = Debug|Any CPU
		{930B81CB-B964-40A1-94FF-19BE6BCD39E7}.Debug|Any CPU.Build.0 = Debug|Any CPU
		{930B81CB-B964-40A1-94FF-19BE6BCD39E7}.Release|Any CPU.ActiveCfg = Release|Any CPU
		{930B81CB-B964-40A1-94FF-19BE6BCD39E7}.Release|Any CPU.Build.0 = Release|Any CPU
		{47CB365B-5491-416C-BE85-A1051FE94B32}.Debug|Any CPU.ActiveCfg = Debug|Any CPU
		{47CB365B-5491-416C-BE85-A1051FE94B32}.Debug|Any CPU.Build.0 = Debug|Any CPU
		{47CB365B-5491-416C-BE85-A1051FE94B32}.Release|Any CPU.ActiveCfg = Release|Any CPU
		{47CB365B-5491-416C-BE85-A1051FE94B32}.Release|Any CPU.Build.0 = Release|Any CPU
	EndGlobalSection
	GlobalSection(SolutionProperties) = preSolution
		HideSolutionNode = FALSE
	EndGlobalSection
	GlobalSection(NestedProjects) = preSolution
		{47CB365B-5491-416C-BE85-A1051FE94B32} = {925E1569-8B6E-427C-835B-912064BA78DD}
	EndGlobalSection
	GlobalSection(ExtensibilityGlobals) = postSolution
		SolutionGuid = {3A3E6688-22E8-4BEE-89B5-EDD363715E24}
	EndGlobalSection
EndGlobal
